
Microsoft Visual Studio Solution File, Format Version 12.00
# Visual Studio Version 17
VisualStudioVersion = 17.0.31903.59
MinimumVisualStudioVersion = 10.0.40219.1
Project("{2150E333-8FDC-42A3-9474-1A3956D46DE8}") = "src", "src", "{4A1FFC12-CABF-4ED8-939A-FB13841032A5}"
EndProject
Project("{F2A71F9B-5D33-465A-A702-920D77279786}") = "day01", "src\day01\day01.fsproj", "{2D0002D8-63DF-4F4D-A449-BA90355405CC}"
EndProject
Project("{F2A71F9B-5D33-465A-A702-920D77279786}") = "day02", "src\day02\day02.fsproj", "{7987C530-05C0-4059-80EE-FA255AC5B31A}"
EndProject
Project("{F2A71F9B-5D33-465A-A702-920D77279786}") = "day03", "src\day03\day03.fsproj", "{1C86385E-A95B-4418-B1BC-F28589A7F913}"
EndProject
Project("{F2A71F9B-5D33-465A-A702-920D77279786}") = "day04", "src\day04\day04.fsproj", "{C924B15D-A5AC-4FAC-B408-9910B3AE0C7B}"
EndProject
Project("{F2A71F9B-5D33-465A-A702-920D77279786}") = "day05", "src\day05\day05.fsproj", "{14A439D5-061C-4792-A47D-8E058155B521}"
EndProject
Project("{F2A71F9B-5D33-465A-A702-920D77279786}") = "day06", "src\day06\day06.fsproj", "{08C72BBF-BB27-4BB9-813E-5B7B4429F14C}"
EndProject
Project("{F2A71F9B-5D33-465A-A702-920D77279786}") = "day07", "src\day07\day07.fsproj", "{FF8F95E8-1D79-485A-907E-AA4844C122A5}"
EndProject
Project("{F2A71F9B-5D33-465A-A702-920D77279786}") = "day08", "src\day08\day08.fsproj", "{8D07CAF0-EA90-43C3-9D9A-F164F4CF234C}"
EndProject
Project("{F2A71F9B-5D33-465A-A702-920D77279786}") = "day09", "src\day09\day09.fsproj", "{D166046C-236D-46C1-A0A4-C4D1C996D42D}"
EndProject
Project("{F2A71F9B-5D33-465A-A702-920D77279786}") = "day10", "src\day10\day10.fsproj", "{B97E1919-6F9A-46D8-A16F-EF00371D2C07}"
EndProject
Project("{F2A71F9B-5D33-465A-A702-920D77279786}") = "day11", "src\day11\day11.fsproj", "{8201D8B1-D56B-4E1D-9B67-690AAE6F6684}"
EndProject
Project("{F2A71F9B-5D33-465A-A702-920D77279786}") = "day12", "src\day12\day12.fsproj", "{330EFE19-806F-4B13-A3E1-9C1C85C8E6BC}"
EndProject
Project("{F2A71F9B-5D33-465A-A702-920D77279786}") = "day13", "src\day13\day13.fsproj", "{279B970B-2113-4169-90EC-F364A1E42129}"
EndProject
Project("{F2A71F9B-5D33-465A-A702-920D77279786}") = "day14", "src\day14\day14.fsproj", "{A4C8BBFF-3044-4C3A-AEB3-6B608B19EF5F}"
EndProject
Project("{F2A71F9B-5D33-465A-A702-920D77279786}") = "day15", "src\day15\day15.fsproj", "{39FC76EA-270A-42B5-B269-81C9412FF9A8}"
EndProject
Project("{F2A71F9B-5D33-465A-A702-920D77279786}") = "day16", "src\day16\day16.fsproj", "{1B5ACEFA-32E5-4313-822A-139892170D98}"
EndProject
Project("{F2A71F9B-5D33-465A-A702-920D77279786}") = "day17", "src\day17\day17.fsproj", "{D6AF39DD-4B56-493E-AC1F-B2E5EB38F5F3}"
EndProject
Project("{F2A71F9B-5D33-465A-A702-920D77279786}") = "day18", "src\day18\day18.fsproj", "{6EDFAAE2-4359-41B5-BE0C-9AED55EBE68C}"
EndProject
Project("{F2A71F9B-5D33-465A-A702-920D77279786}") = "day19", "src\day19\day19.fsproj", "{90EE3876-776B-48FB-9B0B-23CB5B9DEBC2}"
EndProject
Project("{F2A71F9B-5D33-465A-A702-920D77279786}") = "day20", "src\day20\day20.fsproj", "{26969C57-9B15-4914-B607-BEF6A0825FE8}"
EndProject
Project("{F2A71F9B-5D33-465A-A702-920D77279786}") = "day21", "src\day21\day21.fsproj", "{E0D461A1-A9A5-4B23-9C4E-08F493F3DA35}"
EndProject
Project("{F2A71F9B-5D33-465A-A702-920D77279786}") = "day22", "src\day22\day22.fsproj", "{6D999699-9747-4453-AE63-0431EF83BA50}"
EndProject
Project("{F2A71F9B-5D33-465A-A702-920D77279786}") = "day23", "src\day23\day23.fsproj", "{01DFE0AE-2727-451C-83A2-9EE335D7938B}"
EndProject
Project("{F2A71F9B-5D33-465A-A702-920D77279786}") = "day24", "src\day24\day24.fsproj", "{F5832987-2489-41FA-8C4C-B3483D03C42C}"
EndProject
Project("{F2A71F9B-5D33-465A-A702-920D77279786}") = "day25", "src\day25\day25.fsproj", "{18C4BCE8-8DFE-4F8E-BE78-53278ED522A4}"
EndProject
Project("{F2A71F9B-5D33-465A-A702-920D77279786}") = "lib", "src\lib\lib.fsproj", "{9F31CBCA-E777-48A3-9396-FF4D5FAC61A9}"
EndProject
Global
	GlobalSection(SolutionConfigurationPlatforms) = preSolution
		Debug|Any CPU = Debug|Any CPU
		Release|Any CPU = Release|Any CPU
	EndGlobalSection
	GlobalSection(SolutionProperties) = preSolution
		HideSolutionNode = FALSE
	EndGlobalSection
	GlobalSection(ProjectConfigurationPlatforms) = postSolution
		{2D0002D8-63DF-4F4D-A449-BA90355405CC}.Debug|Any CPU.ActiveCfg = Debug|Any CPU
		{2D0002D8-63DF-4F4D-A449-BA90355405CC}.Debug|Any CPU.Build.0 = Debug|Any CPU
		{2D0002D8-63DF-4F4D-A449-BA90355405CC}.Release|Any CPU.ActiveCfg = Release|Any CPU
		{2D0002D8-63DF-4F4D-A449-BA90355405CC}.Release|Any CPU.Build.0 = Release|Any CPU
		{7987C530-05C0-4059-80EE-FA255AC5B31A}.Debug|Any CPU.ActiveCfg = Debug|Any CPU
		{7987C530-05C0-4059-80EE-FA255AC5B31A}.Debug|Any CPU.Build.0 = Debug|Any CPU
		{7987C530-05C0-4059-80EE-FA255AC5B31A}.Release|Any CPU.ActiveCfg = Release|Any CPU
		{7987C530-05C0-4059-80EE-FA255AC5B31A}.Release|Any CPU.Build.0 = Release|Any CPU
		{1C86385E-A95B-4418-B1BC-F28589A7F913}.Debug|Any CPU.ActiveCfg = Debug|Any CPU
		{1C86385E-A95B-4418-B1BC-F28589A7F913}.Debug|Any CPU.Build.0 = Debug|Any CPU
		{1C86385E-A95B-4418-B1BC-F28589A7F913}.Release|Any CPU.ActiveCfg = Release|Any CPU
		{1C86385E-A95B-4418-B1BC-F28589A7F913}.Release|Any CPU.Build.0 = Release|Any CPU
		{C924B15D-A5AC-4FAC-B408-9910B3AE0C7B}.Debug|Any CPU.ActiveCfg = Debug|Any CPU
		{C924B15D-A5AC-4FAC-B408-9910B3AE0C7B}.Debug|Any CPU.Build.0 = Debug|Any CPU
		{C924B15D-A5AC-4FAC-B408-9910B3AE0C7B}.Release|Any CPU.ActiveCfg = Release|Any CPU
		{C924B15D-A5AC-4FAC-B408-9910B3AE0C7B}.Release|Any CPU.Build.0 = Release|Any CPU
		{14A439D5-061C-4792-A47D-8E058155B521}.Debug|Any CPU.ActiveCfg = Debug|Any CPU
		{14A439D5-061C-4792-A47D-8E058155B521}.Debug|Any CPU.Build.0 = Debug|Any CPU
		{14A439D5-061C-4792-A47D-8E058155B521}.Release|Any CPU.ActiveCfg = Release|Any CPU
		{14A439D5-061C-4792-A47D-8E058155B521}.Release|Any CPU.Build.0 = Release|Any CPU
		{08C72BBF-BB27-4BB9-813E-5B7B4429F14C}.Debug|Any CPU.ActiveCfg = Debug|Any CPU
		{08C72BBF-BB27-4BB9-813E-5B7B4429F14C}.Debug|Any CPU.Build.0 = Debug|Any CPU
		{08C72BBF-BB27-4BB9-813E-5B7B4429F14C}.Release|Any CPU.ActiveCfg = Release|Any CPU
		{08C72BBF-BB27-4BB9-813E-5B7B4429F14C}.Release|Any CPU.Build.0 = Release|Any CPU
		{FF8F95E8-1D79-485A-907E-AA4844C122A5}.Debug|Any CPU.ActiveCfg = Debug|Any CPU
		{FF8F95E8-1D79-485A-907E-AA4844C122A5}.Debug|Any CPU.Build.0 = Debug|Any CPU
		{FF8F95E8-1D79-485A-907E-AA4844C122A5}.Release|Any CPU.ActiveCfg = Release|Any CPU
		{FF8F95E8-1D79-485A-907E-AA4844C122A5}.Release|Any CPU.Build.0 = Release|Any CPU
		{8D07CAF0-EA90-43C3-9D9A-F164F4CF234C}.Debug|Any CPU.ActiveCfg = Debug|Any CPU
		{8D07CAF0-EA90-43C3-9D9A-F164F4CF234C}.Debug|Any CPU.Build.0 = Debug|Any CPU
		{8D07CAF0-EA90-43C3-9D9A-F164F4CF234C}.Release|Any CPU.ActiveCfg = Release|Any CPU
		{8D07CAF0-EA90-43C3-9D9A-F164F4CF234C}.Release|Any CPU.Build.0 = Release|Any CPU
		{D166046C-236D-46C1-A0A4-C4D1C996D42D}.Debug|Any CPU.ActiveCfg = Debug|Any CPU
		{D166046C-236D-46C1-A0A4-C4D1C996D42D}.Debug|Any CPU.Build.0 = Debug|Any CPU
		{D166046C-236D-46C1-A0A4-C4D1C996D42D}.Release|Any CPU.ActiveCfg = Release|Any CPU
		{D166046C-236D-46C1-A0A4-C4D1C996D42D}.Release|Any CPU.Build.0 = Release|Any CPU
		{B97E1919-6F9A-46D8-A16F-EF00371D2C07}.Debug|Any CPU.ActiveCfg = Debug|Any CPU
		{B97E1919-6F9A-46D8-A16F-EF00371D2C07}.Debug|Any CPU.Build.0 = Debug|Any CPU
		{B97E1919-6F9A-46D8-A16F-EF00371D2C07}.Release|Any CPU.ActiveCfg = Release|Any CPU
		{B97E1919-6F9A-46D8-A16F-EF00371D2C07}.Release|Any CPU.Build.0 = Release|Any CPU
		{8201D8B1-D56B-4E1D-9B67-690AAE6F6684}.Debug|Any CPU.ActiveCfg = Debug|Any CPU
		{8201D8B1-D56B-4E1D-9B67-690AAE6F6684}.Debug|Any CPU.Build.0 = Debug|Any CPU
		{8201D8B1-D56B-4E1D-9B67-690AAE6F6684}.Release|Any CPU.ActiveCfg = Release|Any CPU
		{8201D8B1-D56B-4E1D-9B67-690AAE6F6684}.Release|Any CPU.Build.0 = Release|Any CPU
		{330EFE19-806F-4B13-A3E1-9C1C85C8E6BC}.Debug|Any CPU.ActiveCfg = Debug|Any CPU
		{330EFE19-806F-4B13-A3E1-9C1C85C8E6BC}.Debug|Any CPU.Build.0 = Debug|Any CPU
		{330EFE19-806F-4B13-A3E1-9C1C85C8E6BC}.Release|Any CPU.ActiveCfg = Release|Any CPU
		{330EFE19-806F-4B13-A3E1-9C1C85C8E6BC}.Release|Any CPU.Build.0 = Release|Any CPU
		{279B970B-2113-4169-90EC-F364A1E42129}.Debug|Any CPU.ActiveCfg = Debug|Any CPU
		{279B970B-2113-4169-90EC-F364A1E42129}.Debug|Any CPU.Build.0 = Debug|Any CPU
		{279B970B-2113-4169-90EC-F364A1E42129}.Release|Any CPU.ActiveCfg = Release|Any CPU
		{279B970B-2113-4169-90EC-F364A1E42129}.Release|Any CPU.Build.0 = Release|Any CPU
		{A4C8BBFF-3044-4C3A-AEB3-6B608B19EF5F}.Debug|Any CPU.ActiveCfg = Debug|Any CPU
		{A4C8BBFF-3044-4C3A-AEB3-6B608B19EF5F}.Debug|Any CPU.Build.0 = Debug|Any CPU
		{A4C8BBFF-3044-4C3A-AEB3-6B608B19EF5F}.Release|Any CPU.ActiveCfg = Release|Any CPU
		{A4C8BBFF-3044-4C3A-AEB3-6B608B19EF5F}.Release|Any CPU.Build.0 = Release|Any CPU
		{39FC76EA-270A-42B5-B269-81C9412FF9A8}.Debug|Any CPU.ActiveCfg = Debug|Any CPU
		{39FC76EA-270A-42B5-B269-81C9412FF9A8}.Debug|Any CPU.Build.0 = Debug|Any CPU
		{39FC76EA-270A-42B5-B269-81C9412FF9A8}.Release|Any CPU.ActiveCfg = Release|Any CPU
		{39FC76EA-270A-42B5-B269-81C9412FF9A8}.Release|Any CPU.Build.0 = Release|Any CPU
		{1B5ACEFA-32E5-4313-822A-139892170D98}.Debug|Any CPU.ActiveCfg = Debug|Any CPU
		{1B5ACEFA-32E5-4313-822A-139892170D98}.Debug|Any CPU.Build.0 = Debug|Any CPU
		{1B5ACEFA-32E5-4313-822A-139892170D98}.Release|Any CPU.ActiveCfg = Release|Any CPU
		{1B5ACEFA-32E5-4313-822A-139892170D98}.Release|Any CPU.Build.0 = Release|Any CPU
		{D6AF39DD-4B56-493E-AC1F-B2E5EB38F5F3}.Debug|Any CPU.ActiveCfg = Debug|Any CPU
		{D6AF39DD-4B56-493E-AC1F-B2E5EB38F5F3}.Debug|Any CPU.Build.0 = Debug|Any CPU
		{D6AF39DD-4B56-493E-AC1F-B2E5EB38F5F3}.Release|Any CPU.ActiveCfg = Release|Any CPU
		{D6AF39DD-4B56-493E-AC1F-B2E5EB38F5F3}.Release|Any CPU.Build.0 = Release|Any CPU
		{6EDFAAE2-4359-41B5-BE0C-9AED55EBE68C}.Debug|Any CPU.ActiveCfg = Debug|Any CPU
		{6EDFAAE2-4359-41B5-BE0C-9AED55EBE68C}.Debug|Any CPU.Build.0 = Debug|Any CPU
		{6EDFAAE2-4359-41B5-BE0C-9AED55EBE68C}.Release|Any CPU.ActiveCfg = Release|Any CPU
		{6EDFAAE2-4359-41B5-BE0C-9AED55EBE68C}.Release|Any CPU.Build.0 = Release|Any CPU
		{90EE3876-776B-48FB-9B0B-23CB5B9DEBC2}.Debug|Any CPU.ActiveCfg = Debug|Any CPU
		{90EE3876-776B-48FB-9B0B-23CB5B9DEBC2}.Debug|Any CPU.Build.0 = Debug|Any CPU
		{90EE3876-776B-48FB-9B0B-23CB5B9DEBC2}.Release|Any CPU.ActiveCfg = Release|Any CPU
		{90EE3876-776B-48FB-9B0B-23CB5B9DEBC2}.Release|Any CPU.Build.0 = Release|Any CPU
		{26969C57-9B15-4914-B607-BEF6A0825FE8}.Debug|Any CPU.ActiveCfg = Debug|Any CPU
		{26969C57-9B15-4914-B607-BEF6A0825FE8}.Debug|Any CPU.Build.0 = Debug|Any CPU
		{26969C57-9B15-4914-B607-BEF6A0825FE8}.Release|Any CPU.ActiveCfg = Release|Any CPU
		{26969C57-9B15-4914-B607-BEF6A0825FE8}.Release|Any CPU.Build.0 = Release|Any CPU
		{E0D461A1-A9A5-4B23-9C4E-08F493F3DA35}.Debug|Any CPU.ActiveCfg = Debug|Any CPU
		{E0D461A1-A9A5-4B23-9C4E-08F493F3DA35}.Debug|Any CPU.Build.0 = Debug|Any CPU
		{E0D461A1-A9A5-4B23-9C4E-08F493F3DA35}.Release|Any CPU.ActiveCfg = Release|Any CPU
		{E0D461A1-A9A5-4B23-9C4E-08F493F3DA35}.Release|Any CPU.Build.0 = Release|Any CPU
		{6D999699-9747-4453-AE63-0431EF83BA50}.Debug|Any CPU.ActiveCfg = Debug|Any CPU
		{6D999699-9747-4453-AE63-0431EF83BA50}.Debug|Any CPU.Build.0 = Debug|Any CPU
		{6D999699-9747-4453-AE63-0431EF83BA50}.Release|Any CPU.ActiveCfg = Release|Any CPU
		{6D999699-9747-4453-AE63-0431EF83BA50}.Release|Any CPU.Build.0 = Release|Any CPU
		{01DFE0AE-2727-451C-83A2-9EE335D7938B}.Debug|Any CPU.ActiveCfg = Debug|Any CPU
		{01DFE0AE-2727-451C-83A2-9EE335D7938B}.Debug|Any CPU.Build.0 = Debug|Any CPU
		{01DFE0AE-2727-451C-83A2-9EE335D7938B}.Release|Any CPU.ActiveCfg = Release|Any CPU
		{01DFE0AE-2727-451C-83A2-9EE335D7938B}.Release|Any CPU.Build.0 = Release|Any CPU
		{F5832987-2489-41FA-8C4C-B3483D03C42C}.Debug|Any CPU.ActiveCfg = Debug|Any CPU
		{F5832987-2489-41FA-8C4C-B3483D03C42C}.Debug|Any CPU.Build.0 = Debug|Any CPU
		{F5832987-2489-41FA-8C4C-B3483D03C42C}.Release|Any CPU.ActiveCfg = Release|Any CPU
		{F5832987-2489-41FA-8C4C-B3483D03C42C}.Release|Any CPU.Build.0 = Release|Any CPU
		{18C4BCE8-8DFE-4F8E-BE78-53278ED522A4}.Debug|Any CPU.ActiveCfg = Debug|Any CPU
		{18C4BCE8-8DFE-4F8E-BE78-53278ED522A4}.Debug|Any CPU.Build.0 = Debug|Any CPU
		{18C4BCE8-8DFE-4F8E-BE78-53278ED522A4}.Release|Any CPU.ActiveCfg = Release|Any CPU
		{18C4BCE8-8DFE-4F8E-BE78-53278ED522A4}.Release|Any CPU.Build.0 = Release|Any CPU
		{9F31CBCA-E777-48A3-9396-FF4D5FAC61A9}.Debug|Any CPU.ActiveCfg = Debug|Any CPU
		{9F31CBCA-E777-48A3-9396-FF4D5FAC61A9}.Debug|Any CPU.Build.0 = Debug|Any CPU
		{9F31CBCA-E777-48A3-9396-FF4D5FAC61A9}.Release|Any CPU.ActiveCfg = Release|Any CPU
		{9F31CBCA-E777-48A3-9396-FF4D5FAC61A9}.Release|Any CPU.Build.0 = Release|Any CPU
	EndGlobalSection
	GlobalSection(NestedProjects) = preSolution
		{2D0002D8-63DF-4F4D-A449-BA90355405CC} = {4A1FFC12-CABF-4ED8-939A-FB13841032A5}
		{7987C530-05C0-4059-80EE-FA255AC5B31A} = {4A1FFC12-CABF-4ED8-939A-FB13841032A5}
		{1C86385E-A95B-4418-B1BC-F28589A7F913} = {4A1FFC12-CABF-4ED8-939A-FB13841032A5}
		{C924B15D-A5AC-4FAC-B408-9910B3AE0C7B} = {4A1FFC12-CABF-4ED8-939A-FB13841032A5}
		{14A439D5-061C-4792-A47D-8E058155B521} = {4A1FFC12-CABF-4ED8-939A-FB13841032A5}
		{08C72BBF-BB27-4BB9-813E-5B7B4429F14C} = {4A1FFC12-CABF-4ED8-939A-FB13841032A5}
		{FF8F95E8-1D79-485A-907E-AA4844C122A5} = {4A1FFC12-CABF-4ED8-939A-FB13841032A5}
		{8D07CAF0-EA90-43C3-9D9A-F164F4CF234C} = {4A1FFC12-CABF-4ED8-939A-FB13841032A5}
		{D166046C-236D-46C1-A0A4-C4D1C996D42D} = {4A1FFC12-CABF-4ED8-939A-FB13841032A5}
		{B97E1919-6F9A-46D8-A16F-EF00371D2C07} = {4A1FFC12-CABF-4ED8-939A-FB13841032A5}
		{8201D8B1-D56B-4E1D-9B67-690AAE6F6684} = {4A1FFC12-CABF-4ED8-939A-FB13841032A5}
		{330EFE19-806F-4B13-A3E1-9C1C85C8E6BC} = {4A1FFC12-CABF-4ED8-939A-FB13841032A5}
		{279B970B-2113-4169-90EC-F364A1E42129} = {4A1FFC12-CABF-4ED8-939A-FB13841032A5}
		{A4C8BBFF-3044-4C3A-AEB3-6B608B19EF5F} = {4A1FFC12-CABF-4ED8-939A-FB13841032A5}
		{39FC76EA-270A-42B5-B269-81C9412FF9A8} = {4A1FFC12-CABF-4ED8-939A-FB13841032A5}
		{1B5ACEFA-32E5-4313-822A-139892170D98} = {4A1FFC12-CABF-4ED8-939A-FB13841032A5}
		{D6AF39DD-4B56-493E-AC1F-B2E5EB38F5F3} = {4A1FFC12-CABF-4ED8-939A-FB13841032A5}
		{6EDFAAE2-4359-41B5-BE0C-9AED55EBE68C} = {4A1FFC12-CABF-4ED8-939A-FB13841032A5}
		{90EE3876-776B-48FB-9B0B-23CB5B9DEBC2} = {4A1FFC12-CABF-4ED8-939A-FB13841032A5}
		{26969C57-9B15-4914-B607-BEF6A0825FE8} = {4A1FFC12-CABF-4ED8-939A-FB13841032A5}
		{E0D461A1-A9A5-4B23-9C4E-08F493F3DA35} = {4A1FFC12-CABF-4ED8-939A-FB13841032A5}
		{6D999699-9747-4453-AE63-0431EF83BA50} = {4A1FFC12-CABF-4ED8-939A-FB13841032A5}
		{01DFE0AE-2727-451C-83A2-9EE335D7938B} = {4A1FFC12-CABF-4ED8-939A-FB13841032A5}
		{F5832987-2489-41FA-8C4C-B3483D03C42C} = {4A1FFC12-CABF-4ED8-939A-FB13841032A5}
		{18C4BCE8-8DFE-4F8E-BE78-53278ED522A4} = {4A1FFC12-CABF-4ED8-939A-FB13841032A5}
		{9F31CBCA-E777-48A3-9396-FF4D5FAC61A9} = {4A1FFC12-CABF-4ED8-939A-FB13841032A5}
	EndGlobalSection
EndGlobal
